
Microsoft Visual Studio Solution File, Format Version 12.00
Project("{FAE04EC0-301F-11D3-BF4B-00C04F79EFBC}") = "TeamsHider", "TeamsHider\TeamsHider.csproj", "{ABEE20E7-1641-485A-BB37-BC4EC21695B7}"
EndProject
Global
	GlobalSection(SolutionConfigurationPlatforms) = preSolution
		Debug|Any CPU = Debug|Any CPU
		Release|Any CPU = Release|Any CPU
	EndGlobalSection
	GlobalSection(ProjectConfigurationPlatforms) = postSolution
		{ABEE20E7-1641-485A-BB37-BC4EC21695B7}.Debug|Any CPU.ActiveCfg = Debug|Any CPU
		{ABEE20E7-1641-485A-BB37-BC4EC21695B7}.Debug|Any CPU.Build.0 = Debug|Any CPU
		{ABEE20E7-1641-485A-BB37-BC4EC21695B7}.Release|Any CPU.ActiveCfg = Release|Any CPU
		{ABEE20E7-1641-485A-BB37-BC4EC21695B7}.Release|Any CPU.Build.0 = Release|Any CPU
	EndGlobalSection
EndGlobal
